{
  "nodes": {
    "agenix": {
      "inputs": {
        "darwin": "darwin",
        "home-manager": "home-manager",
        "nixpkgs": [
          "nixpkgs"
        ],
        "systems": "systems"
      },
      "locked": {
        "lastModified": 1770165109,
        "narHash": "sha256-9VnK6Oqai65puVJ4WYtCTvlJeXxMzAp/69HhQuTdl/I=",
        "owner": "ryantm",
        "repo": "agenix",
        "rev": "b027ee29d959fda4b60b57566d64c98a202e0feb",
        "type": "github"
      },
      "original": {
        "owner": "ryantm",
        "repo": "agenix",
        "type": "github"
      }
    },
    "blueprint": {
      "inputs": {
        "nixpkgs": [
          "nix-ai-tools",
          "nixpkgs"
        ],
        "systems": [
          "nix-ai-tools",
          "systems"
        ]
      },
      "locked": {
        "lastModified": 1776249299,
        "narHash": "sha256-Dt9t1TGRmJFc0xVYhttNBD6QsAgHOHCArqGa0AyjrJY=",
        "owner": "numtide",
        "repo": "blueprint",
        "rev": "56131e8628f173d24a27f6d27c0215eff57e40dd",
        "type": "github"
      },
      "original": {
        "owner": "numtide",
        "repo": "blueprint",
        "type": "github"
      }
    },
    "browse-cli": {
      "flake": false,
      "locked": {
        "lastModified": 1773869294,
        "narHash": "sha256-9NqYNkUWkvEqTMYXj29A1sJMZrBctvyHQ+aK9WxDvhg=",
        "owner": "juanibiapina",
        "repo": "browse-cli",
        "rev": "dedc90de9d26d8b2db1e175a3f3e4a8dc8d84af4",
        "type": "github"
      },
      "original": {
        "owner": "juanibiapina",
        "repo": "browse-cli",
        "type": "github"
      }
    },
    "bun2nix": {
      "inputs": {
        "flake-parts": [
          "nix-ai-tools",
          "flake-parts"
        ],
        "nixpkgs": [
          "nix-ai-tools",
          "nixpkgs"
        ],
        "systems": [
          "nix-ai-tools",
          "systems"
        ],
        "treefmt-nix": [
          "nix-ai-tools",
          "treefmt-nix"
        ]
      },
      "locked": {
        "lastModified": 1782772816,
        "narHash": "sha256-s9BuFv0mRuZx9C1MF8qPHRdcAK14ONi0A5m6E2wqOoM=",
        "owner": "nix-community",
        "repo": "bun2nix",
        "rev": "5a39d717029e94163ac223aee8d5c9946cafed1c",
        "type": "github"
      },
      "original": {
        "owner": "nix-community",
        "repo": "bun2nix",
        "type": "github"
      }
    },
    "cloudflare-skill": {
      "flake": false,
      "locked": {
        "lastModified": 1769650934,
        "narHash": "sha256-6QJNxuB7o7+WMhLz7HddkAfKrgjsOhdSrBZvMS4GNuo=",
        "owner": "dmmulroy",
        "repo": "cloudflare-skill",
        "rev": "97a85fdde7fe9695fbcba0c6bfde18dcdb5993d7",
        "type": "github"
      },
      "original": {
        "owner": "dmmulroy",
        "repo": "cloudflare-skill",
        "type": "github"
      }
    },
    "confluence-cli": {
      "flake": false,
      "locked": {
        "lastModified": 1783321447,
        "narHash": "sha256-Uzu/m8piRdfEMrPeCu8tU6qUkNRRF+NskAvDGHYgvw4=",
        "owner": "pchuri",
        "repo": "confluence-cli",
        "rev": "8929aca20ff5970361eab1cec86f8c19e39ad089",
        "type": "github"
      },
      "original": {
        "owner": "pchuri",
        "repo": "confluence-cli",
        "type": "github"
      }
    },
    "darwin": {
      "inputs": {
        "nixpkgs": [
          "agenix",
          "nixpkgs"
        ]
      },
      "locked": {
        "lastModified": 1744478979,
        "narHash": "sha256-dyN+teG9G82G+m+PX/aSAagkC+vUv0SgUw3XkPhQodQ=",
        "owner": "lnl7",
        "repo": "nix-darwin",
        "rev": "43975d782b418ebf4969e9ccba82466728c2851b",
        "type": "github"
      },
      "original": {
        "owner": "lnl7",
        "ref": "master",
        "repo": "nix-darwin",
        "type": "github"
      }
    },
    "deltoids": {
      "flake": false,
      "locked": {
        "lastModified": 1784372163,
        "narHash": "sha256-LCCpWYtJpUl2udT32OczVlwVEhYXSe0KsmdA+Idh5KM=",
        "owner": "juanibiapina",
        "repo": "deltoids",
        "rev": "0e7b09cb06e77f6bfc32aa5ac61d342bb25868ab",
        "type": "github"
      },
      "original": {
        "owner": "juanibiapina",
        "repo": "deltoids",
        "type": "github"
      }
    },
    "flake-compat": {
      "flake": false,
      "locked": {
        "lastModified": 1761588595,
        "narHash": "sha256-XKUZz9zewJNUj46b4AJdiRZJAvSZ0Dqj2BNfXvFlJC4=",
        "owner": "edolstra",
        "repo": "flake-compat",
        "rev": "f387cd2afec9419c8ee37694406ca490c3f34ee5",
        "type": "github"
      },
      "original": {
        "owner": "edolstra",
        "repo": "flake-compat",
        "type": "github"
      }
    },
    "flake-parts": {
      "inputs": {
        "nixpkgs-lib": [
          "neovim-nightly",
          "nixpkgs"
        ]
      },
      "locked": {
        "lastModified": 1782949081,
        "narHash": "sha256-vp6Y/Grm98ESt6ceOkWiHWyZRDV3J1RID4w+6NWK9yA=",
        "owner": "hercules-ci",
        "repo": "flake-parts",
        "rev": "17c9d6cdfc60c64f4ee8d306f9bc0b4ccb51481e",
        "type": "github"
      },
      "original": {
        "owner": "hercules-ci",
        "repo": "flake-parts",
        "type": "github"
      }
    },
    "flake-parts_2": {
      "inputs": {
        "nixpkgs-lib": [
          "nix-ai-tools",
          "nixpkgs"
        ]
      },
      "locked": {
        "lastModified": 1782949081,
        "narHash": "sha256-vp6Y/Grm98ESt6ceOkWiHWyZRDV3J1RID4w+6NWK9yA=",
        "owner": "hercules-ci",
        "repo": "flake-parts",
        "rev": "17c9d6cdfc60c64f4ee8d306f9bc0b4ccb51481e",
        "type": "github"
      },
      "original": {
        "owner": "hercules-ci",
        "repo": "flake-parts",
        "type": "github"
      }
    },
    "flake-utils": {
      "inputs": {
        "systems": "systems_3"
      },
      "locked": {
        "lastModified": 1731533236,
        "narHash": "sha256-l0KFg5HjrsfsO/JpG+r7fRrqm12kzFHyUHqHCVpMMbI=",
        "owner": "numtide",
        "repo": "flake-utils",
        "rev": "11707dc2f618dd54ca8739b309ec4fc024de578b",
        "type": "github"
      },
      "original": {
        "owner": "numtide",
        "repo": "flake-utils",
        "type": "github"
      }
    },
    "flake-utils_2": {
      "inputs": {
        "systems": "systems_5"
      },
      "locked": {
        "lastModified": 1710146030,
        "narHash": "sha256-SZ5L6eA7HJ/nmkzGG7/ISclqe6oZdOZTNoesiInkXPQ=",
        "owner": "numtide",
        "repo": "flake-utils",
        "rev": "b1d9ab70662946ef0850d488da1c9019f3a9752a",
        "type": "github"
      },
      "original": {
        "owner": "numtide",
        "repo": "flake-utils",
        "type": "github"
      }
    },
    "gh-cleanup-notifications": {
      "flake": false,
      "locked": {
        "lastModified": 1783336256,
        "narHash": "sha256-OPEQAG4iSJUYNcT6jYUcbwhSKOVoisLIrc3PDjv8DZU=",
        "owner": "awendt",
        "repo": "gh-cleanup-notifications",
        "rev": "4bffe5eb35d3071005e783f5c0bef209ec270b0d",
        "type": "github"
      },
      "original": {
        "owner": "awendt",
        "repo": "gh-cleanup-notifications",
        "type": "github"
      }
    },
    "gh-notify-await": {
      "flake": false,
      "locked": {
        "lastModified": 1774879108,
        "narHash": "sha256-9mXxGT3AmTEIA2M4io0PATDw8gd1GmKEMLcidQ/XANs=",
        "owner": "juanibiapina",
        "repo": "gh-notify-await",
        "rev": "5568ac88bebc21e72276ba2c4eba6d57ae38473b",
        "type": "github"
      },
      "original": {
        "owner": "juanibiapina",
        "repo": "gh-notify-await",
        "type": "github"
      }
    },
    "gh-pr-await": {
      "flake": false,
      "locked": {
        "lastModified": 1773772390,
        "narHash": "sha256-biwi5cvh0dFdg/Sx4pbxSowhNGxEapQyH7UXP5cngTc=",
        "owner": "juanibiapina",
        "repo": "gh-pr-await",
        "rev": "8348b87dc483856f251dca9ca0411ff0242fa5b5",
        "type": "github"
      },
      "original": {
        "owner": "juanibiapina",
        "repo": "gh-pr-await",
        "type": "github"
      }
    },
    "ghostty": {
      "inputs": {
        "flake-compat": "flake-compat",
        "home-manager": "home-manager_2",
        "nixpkgs": "nixpkgs",
        "systems": "systems_2",
        "zig": "zig",
        "zon2nix": "zon2nix"
      },
      "locked": {
        "lastModified": 1783284634,
        "narHash": "sha256-COKtJ+SAIHYsMIheVWCn2e4IrBncdivwxcZLAf7IlNI=",
        "owner": "ghostty-org",
        "repo": "ghostty",
        "rev": "b213a72c03b427607b43c89ff4223a7baa079fe8",
        "type": "github"
      },
      "original": {
        "owner": "ghostty-org",
        "repo": "ghostty",
        "type": "github"
      }
    },
    "gmail-await": {
      "flake": false,
      "locked": {
        "lastModified": 1774193258,
        "narHash": "sha256-MlNr9osPgPkN1/c+0n8zjjXOWakkpquryzRmJYiPv9Y=",
        "owner": "juanibiapina",
        "repo": "gmail-await",
        "rev": "ba4c14a341c50b87460bbf4a8485799939b53d63",
        "type": "github"
      },
      "original": {
        "owner": "juanibiapina",
        "repo": "gmail-await",
        "type": "github"
      }
    },
    "gws": {
      "inputs": {
        "flake-utils": "flake-utils",
        "nixpkgs": [
          "nixpkgs"
        ]
      },
      "locked": {
        "lastModified": 1774983075,
        "narHash": "sha256-YyNIHbyZrLlXYtWxZY8Um19MsnLharmS+nWGWO89fsA=",
        "owner": "googleworkspace",
        "repo": "cli",
        "rev": "a3768d0e82ad83cca2da97724e46bea4ff0e6dbd",
        "type": "github"
      },
      "original": {
        "owner": "googleworkspace",
        "repo": "cli",
        "type": "github"
      }
    },
    "home-manager": {
      "inputs": {
        "nixpkgs": [
          "agenix",
          "nixpkgs"
        ]
      },
      "locked": {
        "lastModified": 1745494811,
        "narHash": "sha256-YZCh2o9Ua1n9uCvrvi5pRxtuVNml8X2a03qIFfRKpFs=",
        "owner": "nix-community",
        "repo": "home-manager",
        "rev": "abfad3d2958c9e6300a883bd443512c55dfeb1be",
        "type": "github"
      },
      "original": {
        "owner": "nix-community",
        "repo": "home-manager",
        "type": "github"
      }
    },
    "home-manager_2": {
      "inputs": {
        "nixpkgs": [
          "ghostty",
          "nixpkgs"
        ]
      },
      "locked": {
        "lastModified": 1770586272,
        "narHash": "sha256-Ucci8mu8QfxwzyfER2DQDbvW9t1BnTUJhBmY7ybralo=",
        "owner": "nix-community",
        "repo": "home-manager",
        "rev": "b1f916ba052341edc1f80d4b2399f1092a4873ca",
        "type": "github"
      },
      "original": {
        "owner": "nix-community",
        "repo": "home-manager",
        "type": "github"
      }
    },
    "home-manager_3": {
      "inputs": {
        "nixpkgs": [
          "nixpkgs"
        ]
      },
      "locked": {
        "lastModified": 1783222121,
        "narHash": "sha256-E/ElL373TO8lQ2aMvYyzN+k4xkVaUGoRqoa8AtM71tI=",
        "owner": "nix-community",
        "repo": "home-manager",
        "rev": "a1645f40777620c4bd2b6d854b290c2fc354a266",
        "type": "github"
      },
      "original": {
        "owner": "nix-community",
        "repo": "home-manager",
        "type": "github"
      }
    },
    "impeccable-skills": {
      "flake": false,
      "locked": {
        "lastModified": 1783296728,
        "narHash": "sha256-PFGO173RvR6iCLbY61qRLd87IPE4/QAHoIbft4sdsHU=",
        "owner": "pbakaus",
        "repo": "impeccable",
        "rev": "88f52ac4e6a5ce99d39a0f5d89e7ac3a168910f5",
        "type": "github"
      },
      "original": {
        "owner": "pbakaus",
        "repo": "impeccable",
        "type": "github"
      }
    },
    "mcpli": {
      "inputs": {
        "nixpkgs": [
          "nixpkgs"
        ]
      },
      "locked": {
        "lastModified": 1782464961,
        "narHash": "sha256-1UT3nOK45zegDVoAbza+Rye+jXQxoDyV8xStYaghQRQ=",
        "owner": "juanibiapina",
        "repo": "mcpli",
        "rev": "ab03100eca7744638a9fddb56f157fb2c3020add",
        "type": "github"
      },
      "original": {
        "owner": "juanibiapina",
        "repo": "mcpli",
        "type": "github"
      }
    },
    "neovim-nightly": {
      "inputs": {
        "flake-parts": "flake-parts",
        "neovim-src": "neovim-src",
        "nixpkgs": [
          "nixpkgs"
        ]
      },
      "locked": {
        "lastModified": 1783296215,
        "narHash": "sha256-1GWS2/Ttn1S8DWz4ngejdIpx4FAv/k3M0HDkuwa/USI=",
        "owner": "nix-community",
        "repo": "neovim-nightly-overlay",
        "rev": "bd9f38dd52ded517342e880e6fb66aa30dd67244",
        "type": "github"
      },
      "original": {
        "owner": "nix-community",
        "repo": "neovim-nightly-overlay",
        "type": "github"
      }
    },
    "neovim-src": {
      "flake": false,
      "locked": {
        "lastModified": 1783289236,
        "narHash": "sha256-TOI8eFQxHoxIvVu2xcsbMr+pMa3zDqG9hlcuSm7eyEg=",
        "owner": "neovim",
        "repo": "neovim",
        "rev": "dbe59b5457692ec6677cda2e3573e667b54f7722",
        "type": "github"
      },
      "original": {
        "owner": "neovim",
        "repo": "neovim",
        "type": "github"
      }
    },
    "nix-ai-tools": {
      "inputs": {
        "blueprint": "blueprint",
        "bun2nix": "bun2nix",
        "flake-parts": "flake-parts_2",
        "nixpkgs": [
          "nixpkgs"
        ],
        "systems": "systems_4",
        "treefmt-nix": "treefmt-nix"
      },
      "locked": {
        "lastModified": 1783335367,
        "narHash": "sha256-TJ4+wYOJYYX+z//9C4psF0e1K8TgXrWRITnERhL/oP8=",
        "owner": "numtide",
        "repo": "nix-ai-tools",
        "rev": "5dd40d7cef40fce5ac4f922b92d92373ef71daf2",
        "type": "github"
      },
      "original": {
        "owner": "numtide",
        "repo": "nix-ai-tools",
        "type": "github"
      }
    },
    "nix-darwin": {
      "inputs": {
        "nixpkgs": [
          "nixpkgs"
        ]
      },
      "locked": {
        "lastModified": 1783395956,
        "narHash": "sha256-AAbexQvDoK+6GFJdhY6kqjA+6ECKRkidgWxkn4gMwAA=",
        "owner": "LnL7",
        "repo": "nix-darwin",
        "rev": "d5bd9cd77aea4c0a8f49e7fd85545671a208ed15",
        "type": "github"
      },
      "original": {
        "owner": "LnL7",
        "repo": "nix-darwin",
        "type": "github"
      }
    },
    "nixpkgs": {
      "locked": {
        "lastModified": 1770537093,
        "narHash": "sha256-XV30uo8tXuxdzuV8l3sojmlPRLd/8tpMsOp4lNzLGUo=",
        "rev": "fef9403a3e4d31b0a23f0bacebbec52c248fbb51",
        "type": "tarball",
        "url": "https://releases.nixos.org/nixpkgs/nixpkgs-26.05pre942631.fef9403a3e4d/nixexprs.tar.xz"
      },
      "original": {
        "type": "tarball",
        "url": "https://channels.nixos.org/nixpkgs-unstable/nixexprs.tar.xz"
      }
    },
    "nixpkgs_2": {
      "locked": {
        "lastModified": 1783224372,
        "narHash": "sha256-8i/87eeoqiGE4yOTjwSA3Eh/ziJRQEmd/unYU+K27sk=",
        "owner": "NixOS",
        "repo": "nixpkgs",
        "rev": "d407951447dcd00442e97087bf374aad70c04cea",
        "type": "github"
      },
      "original": {
        "owner": "NixOS",
        "ref": "nixos-unstable",
        "repo": "nixpkgs",
        "type": "github"
      }
    },
    "pi": {
      "flake": false,
      "locked": {
        "lastModified": 1784814310,
        "narHash": "sha256-SPjgkerMfx1jf2DEBwvsHSWJe09BPNpuovHnqR10q5Y=",
        "owner": "earendil-works",
        "repo": "pi",
        "rev": "65ff8e7f6db447dcddb1a9c8fd05f081c5cda76a",
        "type": "github"
      },
      "original": {
        "owner": "earendil-works",
        "repo": "pi",
        "type": "github"
      }
    },
    "pi-extension-settings": {
      "flake": false,
      "locked": {
        "lastModified": 1784533969,
        "narHash": "sha256-ShpmDGXCNV2LqUpBMuMQurltc0UNf89bzbB0UlgLpu0=",
        "owner": "juanibiapina",
        "repo": "pi-extension-settings",
        "rev": "ef912df89e1b73359df526ea2ff0e6a85bc074b3",
        "type": "github"
      },
      "original": {
        "owner": "juanibiapina",
        "repo": "pi-extension-settings",
        "type": "github"
      }
    },
    "pi-gob": {
      "flake": false,
      "locked": {
        "lastModified": 1784273335,
        "narHash": "sha256-sVuWStJRVTIGPrO6xpk/GDYtNr5F/teUSxgTxzbOBUQ=",
        "owner": "juanibiapina",
        "repo": "pi-gob",
        "rev": "d9c93788694430eedc386af1f79e0c02d0a0639e",
        "type": "github"
      },
      "original": {
        "owner": "juanibiapina",
        "repo": "pi-gob",
        "type": "github"
      }
    },
    "pi-powerbar": {
      "flake": false,
      "locked": {
        "lastModified": 1784533268,
        "narHash": "sha256-nVtKEouu+My4WEiJ1fWLHRaM4XqvonTc8euY9LtwSGQ=",
        "owner": "juanibiapina",
        "repo": "pi-powerbar",
        "rev": "ad18f9d537d6f9e87ca5f3b0c86fcf2aabbe7b04",
        "type": "github"
      },
      "original": {
        "owner": "juanibiapina",
        "repo": "pi-powerbar",
        "type": "github"
      }
    },
    "pi-tokyonight": {
      "flake": false,
      "locked": {
        "lastModified": 1784533187,
        "narHash": "sha256-fUn3JJtE7VCdT9FCbpFnE80z1SPjuW3/oip8WJ4+af8=",
        "owner": "juanibiapina",
        "repo": "pi-tokyonight",
        "rev": "7aa9e502b542ab800f021a09583131d729bdddd6",
        "type": "github"
      },
      "original": {
        "owner": "juanibiapina",
        "repo": "pi-tokyonight",
        "type": "github"
      }
    },
    "pi-usage": {
      "flake": false,
      "locked": {
        "lastModified": 1784899658,
        "narHash": "sha256-dcCn296HOUior2TAyismOlJJxHD6RmbHBjZMbC46NeI=",
        "owner": "juanibiapina",
        "repo": "pi-usage",
        "rev": "49bcc9f65ff910ad702c717a3e53516c69851428",
        "type": "github"
      },
      "original": {
        "owner": "juanibiapina",
        "repo": "pi-usage",
        "type": "github"
      }
    },
    "root": {
      "inputs": {
        "agenix": "agenix",
        "browse-cli": "browse-cli",
        "cloudflare-skill": "cloudflare-skill",
        "confluence-cli": "confluence-cli",
        "deltoids": "deltoids",
        "gh-cleanup-notifications": "gh-cleanup-notifications",
        "gh-notify-await": "gh-notify-await",
        "gh-pr-await": "gh-pr-await",
        "ghostty": "ghostty",
        "gmail-await": "gmail-await",
        "gws": "gws",
        "home-manager": "home-manager_3",
        "impeccable-skills": "impeccable-skills",
        "mcpli": "mcpli",
        "neovim-nightly": "neovim-nightly",
        "nix-ai-tools": "nix-ai-tools",
        "nix-darwin": "nix-darwin",
        "nixpkgs": "nixpkgs_2",
        "pi": "pi",
        "pi-extension-settings": "pi-extension-settings",
        "pi-gob": "pi-gob",
        "pi-powerbar": "pi-powerbar",
        "pi-tokyonight": "pi-tokyonight",
        "pi-usage": "pi-usage",
        "shadcn-ui-skills": "shadcn-ui-skills",
        "slidev-skills": "slidev-skills",
        "sub": "sub",
        "todo": "todo",
        "websearch": "websearch"
      }
    },
    "shadcn-ui-skills": {
      "flake": false,
      "locked": {
        "lastModified": 1783329180,
        "narHash": "sha256-5gnxdMkTZwNPK6LWyONhyfHNBXQPCprjGkjcm/KSUtA=",
        "owner": "shadcn-ui",
        "repo": "ui",
        "rev": "d8ace420baa5c8a1abccd75e52570f2a232f193d",
        "type": "github"
      },
      "original": {
        "owner": "shadcn-ui",
        "repo": "ui",
        "type": "github"
      }
    },
    "slidev-skills": {
      "flake": false,
      "locked": {
        "lastModified": 1783056477,
        "narHash": "sha256-Q7JXt5bJNZ12+pReapc2rkNQ4ZEPXHqvTqrgxgS6WzM=",
        "owner": "slidevjs",
        "repo": "slidev",
        "rev": "c63cb1207d3bc8e0757cfc841c860a3ca317ffc1",
        "type": "github"
      },
      "original": {
        "owner": "slidevjs",
        "repo": "slidev",
        "type": "github"
      }
    },
    "sub": {
      "inputs": {
        "flake-utils": "flake-utils_2",
        "nixpkgs": [
          "nixpkgs"
        ]
      },
      "locked": {
        "lastModified": 1782113785,
        "narHash": "sha256-IfDpj3jH7RdvL4430SJgvG6r4g/gqG7fpUCXCjmPugI=",
        "owner": "juanibiapina",
        "repo": "sub",
        "rev": "e2a016dc1bfe4584c40902f93531dde3d88efa45",
        "type": "github"
      },
      "original": {
        "owner": "juanibiapina",
        "repo": "sub",
        "type": "github"
      }
    },
    "systems": {
      "locked": {
        "lastModified": 1681028828,
        "narHash": "sha256-Vy1rq5AaRuLzOxct8nz4T6wlgyUR7zLU309k9mBC768=",
        "owner": "nix-systems",
        "repo": "default",
        "rev": "da67096a3b9bf56a91d16901293e51ba5b49a27e",
        "type": "github"
      },
      "original": {
        "owner": "nix-systems",
        "repo": "default",
        "type": "github"
      }
    },
    "systems_2": {
      "flake": false,
      "locked": {
        "lastModified": 1681028828,
        "narHash": "sha256-Vy1rq5AaRuLzOxct8nz4T6wlgyUR7zLU309k9mBC768=",
        "owner": "nix-systems",
        "repo": "default",
        "rev": "da67096a3b9bf56a91d16901293e51ba5b49a27e",
        "type": "github"
      },
      "original": {
        "owner": "nix-systems",
        "repo": "default",
        "type": "github"
      }
    },
    "systems_3": {
      "locked": {
        "lastModified": 1681028828,
        "narHash": "sha256-Vy1rq5AaRuLzOxct8nz4T6wlgyUR7zLU309k9mBC768=",
        "owner": "nix-systems",
        "repo": "default",
        "rev": "da67096a3b9bf56a91d16901293e51ba5b49a27e",
        "type": "github"
      },
      "original": {
        "owner": "nix-systems",
        "repo": "default",
        "type": "github"
      }
    },
    "systems_4": {
      "locked": {
        "lastModified": 1681028828,
        "narHash": "sha256-Vy1rq5AaRuLzOxct8nz4T6wlgyUR7zLU309k9mBC768=",
        "owner": "nix-systems",
        "repo": "default",
        "rev": "da67096a3b9bf56a91d16901293e51ba5b49a27e",
        "type": "github"
      },
      "original": {
        "owner": "nix-systems",
        "repo": "default",
        "type": "github"
      }
    },
    "systems_5": {
      "locked": {
        "lastModified": 1681028828,
        "narHash": "sha256-Vy1rq5AaRuLzOxct8nz4T6wlgyUR7zLU309k9mBC768=",
        "owner": "nix-systems",
        "repo": "default",
        "rev": "da67096a3b9bf56a91d16901293e51ba5b49a27e",
        "type": "github"
      },
      "original": {
        "owner": "nix-systems",
        "repo": "default",
        "type": "github"
      }
    },
    "todo": {
      "flake": false,
      "locked": {
        "lastModified": 1782376774,
        "narHash": "sha256-Y1INzZ64FgsehpHCVMyhw8XpHyZ33VEutWpJbSDVTYw=",
        "owner": "juanibiapina",
        "repo": "todo",
        "rev": "37aef049ef874ccb8ebe3415aa44b46324a0b1d4",
        "type": "github"
      },
      "original": {
        "owner": "juanibiapina",
        "repo": "todo",
        "type": "github"
      }
    },
    "treefmt-nix": {
      "inputs": {
        "nixpkgs": [
          "nix-ai-tools",
          "nixpkgs"
        ]
      },
      "locked": {
        "lastModified": 1780220602,
        "narHash": "sha256-eynAfOmbmxJnkp7YewvCEbShNnnYJ9gLLqkzsYtBPeM=",
        "owner": "numtide",
        "repo": "treefmt-nix",
        "rev": "db947814a175b7ca6ded66e21383d938df01c227",
        "type": "github"
      },
      "original": {
        "owner": "numtide",
        "repo": "treefmt-nix",
        "type": "github"
      }
    },
    "websearch": {
      "flake": false,
      "locked": {
        "lastModified": 1779879720,
        "narHash": "sha256-xUPvlg6fbaLHhQ4oL4oAaXhe68qPs4z7uF0yV0ee2GI=",
        "owner": "juanibiapina",
        "repo": "websearch",
        "rev": "37071020ebec74a329cca96dac584963b528e9dc",
        "type": "github"
      },
      "original": {
        "owner": "juanibiapina",
        "ref": "v2.0.0",
        "repo": "websearch",
        "type": "github"
      }
    },
    "zig": {
      "inputs": {
        "flake-compat": [
          "ghostty",
          "flake-compat"
        ],
        "nixpkgs": [
          "ghostty",
          "nixpkgs"
        ],
        "systems": [
          "ghostty",
          "systems"
        ]
      },
      "locked": {
        "lastModified": 1776789209,
        "narHash": "sha256-G6B7Q4TXn7MZ1mB+f9rymjsYF5PLWoSvmbxijb/99bw=",
        "owner": "mitchellh",
        "repo": "zig-overlay",
        "rev": "14fe971844e841297ddd2ce9783d6892b467af39",
        "type": "github"
      },
      "original": {
        "owner": "mitchellh",
        "repo": "zig-overlay",
        "type": "github"
      }
    },
    "zig_2": {
      "inputs": {
        "nixpkgs": [
          "ghostty",
          "zon2nix",
          "nixpkgs"
        ]
      },
      "locked": {
        "lastModified": 1777234348,
        "narHash": "sha256-fKw44a4qbUuI5eTG8k0gPbqMV5TOrjYF35PBzsYgd2U=",
        "ref": "refs/heads/main",
        "rev": "2c781c0609ecda600ab98f98cca417bbd981bd53",
        "revCount": 1677,
        "type": "git",
        "url": "https://codeberg.org/jcollie/zig-overlay.git"
      },
      "original": {
        "type": "git",
        "url": "https://codeberg.org/jcollie/zig-overlay.git"
      }
    },
    "zon2nix": {
      "inputs": {
        "nixpkgs": [
          "ghostty",
          "nixpkgs"
        ],
        "zig": "zig_2"
      },
      "locked": {
        "lastModified": 1777314365,
        "narHash": "sha256-eLxQaD0wc96Neqkln8wHS0rNq/chPODifFkhwrwilEU=",
        "owner": "jcollie",
        "repo": "zon2nix",
        "rev": "a5a1d412ad1ab6305511997bbc92b3a9dd6cb784",
        "type": "github"
      },
      "original": {
        "owner": "jcollie",
        "ref": "main",
        "repo": "zon2nix",
        "type": "github"
      }
    }
  },
  "root": "root",
  "version": 7
}
