{
  "nodes": {
    "agenix": {
      "inputs": {
        "nixpkgs": [
          "nixpkgs"
        ]
      },
      "locked": {
        "lastModified": 1790734419,
        "narHash": "sha256-n7wew722m1OTBT9DOIMxNX/NF4zfsSUABAO5eW3wikE=",
        "owner": "ryantm",
        "repo": "agenix",
        "rev": "3daa710894355fa2fad8243380af373a2b4046ef",
        "type": "github"
      },
      "original": {
        "owner": "ryantm",
        "repo": "agenix",
        "type": "github"
      }
    },
    "browse-cli": {
      "flake": false,
      "locked": {
        "lastModified": 1773869294,
        "narHash": "sha256-9NqYNkUWkvEqTMYXj29A1sJMZrBctvyHQ+aK9WxDvhg=",
        "owner": "juanibiapina",
        "repo": "browse-cli",
        "rev": "dedc90de9d26d8b2db1e175a3f3e4a8dc8d84af4",
        "type": "github"
      },
      "original": {
        "owner": "juanibiapina",
        "repo": "browse-cli",
        "type": "github"
      }
    },
    "cloudflare-skill": {
      "flake": false,
      "locked": {
        "lastModified": 1769650934,
        "narHash": "sha256-6QJNxuB7o7+WMhLz7HddkAfKrgjsOhdSrBZvMS4GNuo=",
        "owner": "dmmulroy",
        "repo": "cloudflare-skill",
        "rev": "97a85fdde7fe9695fbcba0c6bfde18dcdb5993d7",
        "type": "github"
      },
      "original": {
        "owner": "dmmulroy",
        "repo": "cloudflare-skill",
        "type": "github"
      }
    },
    "deltoids": {
      "flake": false,
      "locked": {
        "lastModified": 1791446586,
        "narHash": "sha256-IOPrr0vxYXnQLBydL7h0jm5FvycxBxPqtrxiBg7Wwzo=",
        "owner": "juanibiapina",
        "repo": "deltoids",
        "rev": "3cdb2ea65793f2a99b4a5218e83d6bb5d58ef3a2",
        "type": "github"
      },
      "original": {
        "owner": "juanibiapina",
        "ref": "rewrite",
        "repo": "deltoids",
        "type": "github"
      }
    },
    "expo-skills": {
      "flake": false,
      "locked": {
        "lastModified": 1790635386,
        "narHash": "sha256-ir79gnPT5gZ2LqpQlcFkpWY6B3Lj8c3Ukr2/Z8rp8+Y=",
        "owner": "expo",
        "repo": "skills",
        "rev": "c0dadf355d4caa4e1720de372f0f8766df1a8978",
        "type": "github"
      },
      "original": {
        "owner": "expo",
        "repo": "skills",
        "type": "github"
      }
    },
    "flake-compat": {
      "flake": false,
      "locked": {
        "lastModified": 1767039857,
        "narHash": "sha256-vNpUSpF5Nuw8xvDLj2KCwwksIbjua2LZCqhV1LNRDns=",
        "owner": "edolstra",
        "repo": "flake-compat",
        "rev": "5edf11c44bc78a0d334f6334cdaf7d60d732daab",
        "type": "github"
      },
      "original": {
        "owner": "edolstra",
        "repo": "flake-compat",
        "type": "github"
      }
    },
    "flake-parts": {
      "inputs": {
        "nixpkgs-lib": [
          "neovim-nightly",
          "nixpkgs"
        ]
      },
      "locked": {
        "lastModified": 1790898470,
        "narHash": "sha256-zTwuwezD0w3hpga6a6P8emidzAZFyWqlNeRBlpWOOl8=",
        "owner": "hercules-ci",
        "repo": "flake-parts",
        "rev": "024633cd702b10285db5cb19b40ad48d2399ba60",
        "type": "github"
      },
      "original": {
        "owner": "hercules-ci",
        "repo": "flake-parts",
        "type": "github"
      }
    },
    "flake-utils": {
      "inputs": {
        "systems": "systems_2"
      },
      "locked": {
        "lastModified": 1731533236,
        "narHash": "sha256-l0KFg5HjrsfsO/JpG+r7fRrqm12kzFHyUHqHCVpMMbI=",
        "owner": "numtide",
        "repo": "flake-utils",
        "rev": "11707dc2f618dd54ca8739b309ec4fc024de578b",
        "type": "github"
      },
      "original": {
        "owner": "numtide",
        "repo": "flake-utils",
        "type": "github"
      }
    },
    "flake-utils_2": {
      "inputs": {
        "systems": "systems_3"
      },
      "locked": {
        "lastModified": 1710146030,
        "narHash": "sha256-SZ5L6eA7HJ/nmkzGG7/ISclqe6oZdOZTNoesiInkXPQ=",
        "owner": "numtide",
        "repo": "flake-utils",
        "rev": "b1d9ab70662946ef0850d488da1c9019f3a9752a",
        "type": "github"
      },
      "original": {
        "owner": "numtide",
        "repo": "flake-utils",
        "type": "github"
      }
    },
    "gccli": {
      "flake": false,
      "locked": {
        "lastModified": 1765534135,
        "narHash": "sha256-+hJLVXJjQvHZQ8KRvm3exFyI5NncppVpVEMupFwBKhg=",
        "owner": "badlogic",
        "repo": "gccli",
        "rev": "7cb9cb0faf76975a31d12665a2be615992eeb3ad",
        "type": "github"
      },
      "original": {
        "owner": "badlogic",
        "repo": "gccli",
        "type": "github"
      }
    },
    "gdcli": {
      "flake": false,
      "locked": {
        "lastModified": 1765536744,
        "narHash": "sha256-Y8yg4BAoxgw2ikqnfbgDQYQ6azX+Hj9U6d6DNGciu8M=",
        "owner": "badlogic",
        "repo": "gdcli",
        "rev": "f6b60875dabaa11cd0c6622d8bc0ece48d478d00",
        "type": "github"
      },
      "original": {
        "owner": "badlogic",
        "repo": "gdcli",
        "type": "github"
      }
    },
    "gh-cleanup-notifications": {
      "flake": false,
      "locked": {
        "lastModified": 1786001089,
        "narHash": "sha256-CyG8gANdXdrofmkGfPhiI42vGUsY3gd5AQ9W7yWw6u8=",
        "owner": "awendt",
        "repo": "gh-cleanup-notifications",
        "rev": "03afaf925d3ca2839cb170e7d0824f4ae4acd2da",
        "type": "github"
      },
      "original": {
        "owner": "awendt",
        "repo": "gh-cleanup-notifications",
        "type": "github"
      }
    },
    "gh-notify-await": {
      "flake": false,
      "locked": {
        "lastModified": 1774879108,
        "narHash": "sha256-9mXxGT3AmTEIA2M4io0PATDw8gd1GmKEMLcidQ/XANs=",
        "owner": "juanibiapina",
        "repo": "gh-notify-await",
        "rev": "5568ac88bebc21e72276ba2c4eba6d57ae38473b",
        "type": "github"
      },
      "original": {
        "owner": "juanibiapina",
        "repo": "gh-notify-await",
        "type": "github"
      }
    },
    "gh-pr-await": {
      "flake": false,
      "locked": {
        "lastModified": 1773772390,
        "narHash": "sha256-biwi5cvh0dFdg/Sx4pbxSowhNGxEapQyH7UXP5cngTc=",
        "owner": "juanibiapina",
        "repo": "gh-pr-await",
        "rev": "8348b87dc483856f251dca9ca0411ff0242fa5b5",
        "type": "github"
      },
      "original": {
        "owner": "juanibiapina",
        "repo": "gh-pr-await",
        "type": "github"
      }
    },
    "ghostty": {
      "inputs": {
        "flake-compat": "flake-compat",
        "home-manager": "home-manager",
        "nixpkgs": "nixpkgs",
        "systems": "systems",
        "zig": "zig",
        "zon2nix": "zon2nix"
      },
      "locked": {
        "lastModified": 1791121360,
        "narHash": "sha256-/Fwbt4rjG557E3vwEnOcPQEPWC/8gefKTYxv5nPPPbs=",
        "owner": "ghostty-org",
        "repo": "ghostty",
        "rev": "5dc28bb8eebaf57a6c793a406bfea8c632d4fa94",
        "type": "github"
      },
      "original": {
        "owner": "ghostty-org",
        "repo": "ghostty",
        "type": "github"
      }
    },
    "gmail-await": {
      "flake": false,
      "locked": {
        "lastModified": 1774193258,
        "narHash": "sha256-MlNr9osPgPkN1/c+0n8zjjXOWakkpquryzRmJYiPv9Y=",
        "owner": "juanibiapina",
        "repo": "gmail-await",
        "rev": "ba4c14a341c50b87460bbf4a8485799939b53d63",
        "type": "github"
      },
      "original": {
        "owner": "juanibiapina",
        "repo": "gmail-await",
        "type": "github"
      }
    },
    "gmcli": {
      "flake": false,
      "locked": {
        "lastModified": 1768223698,
        "narHash": "sha256-zTu4KLOT4571n6ehG857SZQ03+glcHkX28wxPGSLojw=",
        "owner": "badlogic",
        "repo": "gmcli",
        "rev": "81427aa9297311b4b37cbe330f6d95de6ca79ff5",
        "type": "github"
      },
      "original": {
        "owner": "badlogic",
        "repo": "gmcli",
        "type": "github"
      }
    },
    "greprip": {
      "flake": false,
      "locked": {
        "lastModified": 1772637957,
        "narHash": "sha256-h0r3Drjstg8P6jEJb916C+qiX08Q26r2caef+Z+rOpU=",
        "owner": "kaofelix",
        "repo": "greprip-rs",
        "rev": "234c03c7cb91380dc7afb03da039cac6d9174ee6",
        "type": "github"
      },
      "original": {
        "owner": "kaofelix",
        "repo": "greprip-rs",
        "type": "github"
      }
    },
    "gws": {
      "inputs": {
        "flake-utils": "flake-utils",
        "nixpkgs": [
          "nixpkgs"
        ]
      },
      "locked": {
        "lastModified": 1774983075,
        "narHash": "sha256-YyNIHbyZrLlXYtWxZY8Um19MsnLharmS+nWGWO89fsA=",
        "owner": "googleworkspace",
        "repo": "cli",
        "rev": "a3768d0e82ad83cca2da97724e46bea4ff0e6dbd",
        "type": "github"
      },
      "original": {
        "owner": "googleworkspace",
        "repo": "cli",
        "type": "github"
      }
    },
    "home-manager": {
      "inputs": {
        "nixpkgs": [
          "ghostty",
          "nixpkgs"
        ]
      },
      "locked": {
        "lastModified": 1787661347,
        "narHash": "sha256-THmnBAdAIV+jT348f3r/vyoeb6ilhcVLwVXkBU7Pai8=",
        "owner": "nix-community",
        "repo": "home-manager",
        "rev": "52c3a5881c821ad7367bbde075e52b76cdb378ab",
        "type": "github"
      },
      "original": {
        "owner": "nix-community",
        "repo": "home-manager",
        "type": "github"
      }
    },
    "home-manager_2": {
      "inputs": {
        "nixpkgs": [
          "nixpkgs"
        ]
      },
      "locked": {
        "lastModified": 1791163078,
        "narHash": "sha256-DiuwfdoZtEqVRsWuAhXcHa+cfvkr0t/xWW8ugkcxNyI=",
        "owner": "nix-community",
        "repo": "home-manager",
        "rev": "f53f3267f5d009dd8f99443505e609389d7ff267",
        "type": "github"
      },
      "original": {
        "owner": "nix-community",
        "repo": "home-manager",
        "type": "github"
      }
    },
    "impeccable-skills": {
      "flake": false,
      "locked": {
        "lastModified": 1790794663,
        "narHash": "sha256-bMyi9oVmKeQ0xt0IZg+jhwd+EnnBbHFu6P1O9JB5Ucg=",
        "owner": "pbakaus",
        "repo": "impeccable",
        "rev": "909726c7e8be484daba481873640f64aa24f62dc",
        "type": "github"
      },
      "original": {
        "owner": "pbakaus",
        "repo": "impeccable",
        "type": "github"
      }
    },
    "neovim-nightly": {
      "inputs": {
        "flake-parts": "flake-parts",
        "neovim-src": "neovim-src",
        "nixpkgs": [
          "nixpkgs"
        ]
      },
      "locked": {
        "lastModified": 1791158545,
        "narHash": "sha256-Tb/+tSw9Kqg7VqZpo0LGJs6t+qHqvWPcPpOdESaPcao=",
        "owner": "nix-community",
        "repo": "neovim-nightly-overlay",
        "rev": "5b3d45c33800e8381169252aa52c3ac363309c48",
        "type": "github"
      },
      "original": {
        "owner": "nix-community",
        "repo": "neovim-nightly-overlay",
        "type": "github"
      }
    },
    "neovim-src": {
      "flake": false,
      "locked": {
        "lastModified": 1791130892,
        "narHash": "sha256-P3RWO45jjBQsMSA36HwVr73Pb9lBg4odBd+JhFU9WiY=",
        "owner": "neovim",
        "repo": "neovim",
        "rev": "7c53167b5dd284c769948f76358fadd6ee638c8d",
        "type": "github"
      },
      "original": {
        "owner": "neovim",
        "repo": "neovim",
        "type": "github"
      }
    },
    "nix-darwin": {
      "inputs": {
        "nixpkgs": [
          "nixpkgs"
        ]
      },
      "locked": {
        "lastModified": 1786845137,
        "narHash": "sha256-oQFip+v0luP8NIxJzmiW4Wu8bILsbFWom5l0zonl8hQ=",
        "owner": "LnL7",
        "repo": "nix-darwin",
        "rev": "4cff07de74b50e64bdd68cd4e722ab5b6b35ee48",
        "type": "github"
      },
      "original": {
        "owner": "LnL7",
        "repo": "nix-darwin",
        "type": "github"
      }
    },
    "nixpkgs": {
      "locked": {
        "lastModified": 1787424095,
        "narHash": "sha256-SpMiSe9OSfWseGAupsdcED3He9mTYTbGMtWb7EVt6pE=",
        "rev": "174eb786fb68e3a13e4e535a3deea479a0c07a6a",
        "type": "tarball",
        "url": "https://releases.nixos.org/nixpkgs/nixpkgs-26.11pre1059855.174eb786fb68/nixexprs.tar.zst"
      },
      "original": {
        "type": "tarball",
        "url": "https://channels.nixos.org/nixpkgs-unstable/nixexprs.tar.zst"
      }
    },
    "nixpkgs-darwin-x64": {
      "locked": {
        "lastModified": 1788334797,
        "narHash": "sha256-nskSa8kDimM7F0VFSP8IdoSNo4G0vKzOtxwvOFpoGDI=",
        "owner": "NixOS",
        "repo": "nixpkgs",
        "rev": "c19db427a1fdfc7591c0b0baeb4665dcef2c61da",
        "type": "github"
      },
      "original": {
        "owner": "NixOS",
        "ref": "nixpkgs-26.05-darwin",
        "repo": "nixpkgs",
        "type": "github"
      }
    },
    "nixpkgs_2": {
      "locked": {
        "lastModified": 1791048980,
        "narHash": "sha256-KgItSKML8Xvte0B7/uGnBDsYzSnnKHcOaiUbgWBXLXw=",
        "owner": "NixOS",
        "repo": "nixpkgs",
        "rev": "a7868a727837f3c09cee2ce0ca671c76b1589fed",
        "type": "github"
      },
      "original": {
        "owner": "NixOS",
        "ref": "nixos-unstable",
        "repo": "nixpkgs",
        "type": "github"
      }
    },
    "pi": {
      "inputs": {
        "nixpkgs": [
          "nixpkgs"
        ],
        "nixpkgs-darwin-x64": "nixpkgs-darwin-x64"
      },
      "locked": {
        "lastModified": 1791408813,
        "narHash": "sha256-lwjspkMGrW+8Fl/yBEDEFsHZJA57OKOhmVQmi6zfej4=",
        "owner": "earendil-works",
        "repo": "pi",
        "rev": "abe508e1b89912adde45528136c3221eb69acdd7",
        "type": "github"
      },
      "original": {
        "owner": "earendil-works",
        "ref": "v1.1.0",
        "repo": "pi",
        "type": "github"
      }
    },
    "pi-extension-settings": {
      "flake": false,
      "locked": {
        "lastModified": 1789714830,
        "narHash": "sha256-FV02GvzRpuhFcDVyTEwa9hG4q1prq0p6TCdGi2L42fQ=",
        "owner": "juanibiapina",
        "repo": "pi-extension-settings",
        "rev": "6c40045d87e2c6d52f0a7e8bccae1af58c305938",
        "type": "github"
      },
      "original": {
        "owner": "juanibiapina",
        "repo": "pi-extension-settings",
        "type": "github"
      }
    },
    "pi-gob": {
      "flake": false,
      "locked": {
        "lastModified": 1789714830,
        "narHash": "sha256-zgeFf3cKIDRO7Gb9/bOO24P1a+h8uFu4OyU2JcuSUcw=",
        "owner": "juanibiapina",
        "repo": "pi-gob",
        "rev": "3b6b89c39c3b843ee0372969b612042d3fd8e34f",
        "type": "github"
      },
      "original": {
        "owner": "juanibiapina",
        "repo": "pi-gob",
        "type": "github"
      }
    },
    "pi-powerbar": {
      "flake": false,
      "locked": {
        "lastModified": 1790233272,
        "narHash": "sha256-od8gIJ/MwsSauwTp3/l0TDfX2dpgE73QjueNZdDLLJ4=",
        "owner": "juanibiapina",
        "repo": "pi-powerbar",
        "rev": "acb3aba4fb67404fbbb5465822cec615a50e4689",
        "type": "github"
      },
      "original": {
        "owner": "juanibiapina",
        "repo": "pi-powerbar",
        "type": "github"
      }
    },
    "pi-tokyonight": {
      "flake": false,
      "locked": {
        "lastModified": 1784533187,
        "narHash": "sha256-fUn3JJtE7VCdT9FCbpFnE80z1SPjuW3/oip8WJ4+af8=",
        "owner": "juanibiapina",
        "repo": "pi-tokyonight",
        "rev": "7aa9e502b542ab800f021a09583131d729bdddd6",
        "type": "github"
      },
      "original": {
        "owner": "juanibiapina",
        "repo": "pi-tokyonight",
        "type": "github"
      }
    },
    "pi-usage": {
      "flake": false,
      "locked": {
        "lastModified": 1789392169,
        "narHash": "sha256-DNTvcykGHeryB5kMrr/o7Brkis54V0Vkl2Bus1u86Wo=",
        "owner": "juanibiapina",
        "repo": "pi-usage",
        "rev": "e124e4af4e04db66cfc1ec8b89e51e329b41a59b",
        "type": "github"
      },
      "original": {
        "owner": "juanibiapina",
        "repo": "pi-usage",
        "type": "github"
      }
    },
    "pi-workbench": {
      "flake": false,
      "locked": {
        "lastModified": 1791471715,
        "narHash": "sha256-QhwrnBBI2rVeabCSsuxrmHVvRxCCUhjween54b4iBDs=",
        "owner": "juanibiapina",
        "repo": "pi-workbench",
        "rev": "8f3ce5ee48687725deea98b01a2a8ea8f210067b",
        "type": "github"
      },
      "original": {
        "owner": "juanibiapina",
        "repo": "pi-workbench",
        "type": "github"
      }
    },
    "root": {
      "inputs": {
        "agenix": "agenix",
        "browse-cli": "browse-cli",
        "cloudflare-skill": "cloudflare-skill",
        "deltoids": "deltoids",
        "expo-skills": "expo-skills",
        "gccli": "gccli",
        "gdcli": "gdcli",
        "gh-cleanup-notifications": "gh-cleanup-notifications",
        "gh-notify-await": "gh-notify-await",
        "gh-pr-await": "gh-pr-await",
        "ghostty": "ghostty",
        "gmail-await": "gmail-await",
        "gmcli": "gmcli",
        "greprip": "greprip",
        "gws": "gws",
        "home-manager": "home-manager_2",
        "impeccable-skills": "impeccable-skills",
        "neovim-nightly": "neovim-nightly",
        "nix-darwin": "nix-darwin",
        "nixpkgs": "nixpkgs_2",
        "pi": "pi",
        "pi-extension-settings": "pi-extension-settings",
        "pi-gob": "pi-gob",
        "pi-powerbar": "pi-powerbar",
        "pi-tokyonight": "pi-tokyonight",
        "pi-usage": "pi-usage",
        "pi-workbench": "pi-workbench",
        "shadcn-ui-skills": "shadcn-ui-skills",
        "simple-english-skill": "simple-english-skill",
        "slidev-skills": "slidev-skills",
        "starmux": "starmux",
        "sub": "sub",
        "tmux-src": "tmux-src",
        "todo": "todo",
        "typesafe-ai-skills": "typesafe-ai-skills",
        "websearch": "websearch"
      }
    },
    "shadcn-ui-skills": {
      "flake": false,
      "locked": {
        "lastModified": 1790788049,
        "narHash": "sha256-S0KdE8oipKUMdy501SYxIo7Grp5JEukYn1B5XqFzan8=",
        "owner": "shadcn-ui",
        "repo": "ui",
        "rev": "b0fcb58a6e7c4df1a88f7f6327b083592c2dfd9c",
        "type": "github"
      },
      "original": {
        "owner": "shadcn-ui",
        "repo": "ui",
        "type": "github"
      }
    },
    "simple-english-skill": {
      "flake": false,
      "locked": {
        "lastModified": 1790781264,
        "narHash": "sha256-mWs9n465FMiMcyxD9diTV6olXWuTy2wW+bZ475Vc3to=",
        "owner": "AminBlg",
        "repo": "SimpleEnglish",
        "rev": "32ea2d3f4404bfbff162c1861e5ae4f1bcc628b3",
        "type": "github"
      },
      "original": {
        "owner": "AminBlg",
        "repo": "SimpleEnglish",
        "type": "github"
      }
    },
    "slidev-skills": {
      "flake": false,
      "locked": {
        "lastModified": 1789532446,
        "narHash": "sha256-xahrwWGGBgI735FsISFbhNU+gu5ssTvZEray3tcqHM4=",
        "owner": "slidevjs",
        "repo": "slidev",
        "rev": "30a0a54c8739b4b395d9b336a6304cc8ebcc3947",
        "type": "github"
      },
      "original": {
        "owner": "slidevjs",
        "repo": "slidev",
        "type": "github"
      }
    },
    "starmux": {
      "inputs": {
        "nixpkgs": [
          "nixpkgs"
        ]
      },
      "locked": {
        "lastModified": 1791193820,
        "narHash": "sha256-WmChCQEED33cuCsMBKDjpcLPo/Zdib80g/sl/gehGms=",
        "owner": "juanibiapina",
        "repo": "starmux",
        "rev": "b709f9345c59d83cc54882746f629fbd86d1d2e1",
        "type": "github"
      },
      "original": {
        "owner": "juanibiapina",
        "repo": "starmux",
        "type": "github"
      }
    },
    "sub": {
      "inputs": {
        "flake-utils": "flake-utils_2",
        "nixpkgs": [
          "nixpkgs"
        ]
      },
      "locked": {
        "lastModified": 1785314539,
        "narHash": "sha256-iE8b912YGlJ3ibezxScrc9T0up7jVjECPWtbr0edIuo=",
        "owner": "juanibiapina",
        "repo": "sub",
        "rev": "077df5dbc8f3fcd61b7f0ba38421b0727a0a95ef",
        "type": "github"
      },
      "original": {
        "owner": "juanibiapina",
        "repo": "sub",
        "type": "github"
      }
    },
    "systems": {
      "flake": false,
      "locked": {
        "lastModified": 1681028828,
        "narHash": "sha256-Vy1rq5AaRuLzOxct8nz4T6wlgyUR7zLU309k9mBC768=",
        "owner": "nix-systems",
        "repo": "default",
        "rev": "da67096a3b9bf56a91d16901293e51ba5b49a27e",
        "type": "github"
      },
      "original": {
        "owner": "nix-systems",
        "repo": "default",
        "type": "github"
      }
    },
    "systems_2": {
      "locked": {
        "lastModified": 1681028828,
        "narHash": "sha256-Vy1rq5AaRuLzOxct8nz4T6wlgyUR7zLU309k9mBC768=",
        "owner": "nix-systems",
        "repo": "default",
        "rev": "da67096a3b9bf56a91d16901293e51ba5b49a27e",
        "type": "github"
      },
      "original": {
        "owner": "nix-systems",
        "repo": "default",
        "type": "github"
      }
    },
    "systems_3": {
      "locked": {
        "lastModified": 1681028828,
        "narHash": "sha256-Vy1rq5AaRuLzOxct8nz4T6wlgyUR7zLU309k9mBC768=",
        "owner": "nix-systems",
        "repo": "default",
        "rev": "da67096a3b9bf56a91d16901293e51ba5b49a27e",
        "type": "github"
      },
      "original": {
        "owner": "nix-systems",
        "repo": "default",
        "type": "github"
      }
    },
    "tmux-src": {
      "flake": false,
      "locked": {
        "lastModified": 1791419713,
        "narHash": "sha256-tKbiP6w/9s4mlb8uNjNq4oV0WNpD7Mgxiv8JtlOJY38=",
        "owner": "dewyze",
        "repo": "tmux",
        "rev": "092589354c25f418c1cd4aff1bcea03ace46df16",
        "type": "github"
      },
      "original": {
        "owner": "dewyze",
        "ref": "vertical_status_line",
        "repo": "tmux",
        "type": "github"
      }
    },
    "todo": {
      "flake": false,
      "locked": {
        "lastModified": 1784788668,
        "narHash": "sha256-EKluIyxW9ppPO/G/4OLbVFCCY1UF8Ovk/6RTU+ZR8hc=",
        "owner": "juanibiapina",
        "repo": "todo",
        "rev": "55f2f29da66ac97deadbd00573d601c2724348d8",
        "type": "github"
      },
      "original": {
        "owner": "juanibiapina",
        "repo": "todo",
        "type": "github"
      }
    },
    "typesafe-ai-skills": {
      "flake": false,
      "locked": {
        "lastModified": 1789191725,
        "narHash": "sha256-Lh2Y90TFv+njKqo/g5WXEHw0Rk1jQSH5POqKtrvy5kM=",
        "owner": "typesafe-ai",
        "repo": "skills",
        "rev": "65a39f393687675ce170e6094757de20370365b9",
        "type": "github"
      },
      "original": {
        "owner": "typesafe-ai",
        "repo": "skills",
        "type": "github"
      }
    },
    "websearch": {
      "flake": false,
      "locked": {
        "lastModified": 1787459929,
        "narHash": "sha256-++AV/u0bTN4vjIEyqlN9qDvhKPwm6YYHv6M92nKq6ho=",
        "owner": "juanibiapina",
        "repo": "websearch",
        "rev": "62387ad99b5c2126f0b34b28f47f9d7ca40bceec",
        "type": "github"
      },
      "original": {
        "owner": "juanibiapina",
        "ref": "v2.3.0",
        "repo": "websearch",
        "type": "github"
      }
    },
    "zig": {
      "inputs": {
        "flake-compat": [
          "ghostty",
          "flake-compat"
        ],
        "nixpkgs": [
          "ghostty",
          "nixpkgs"
        ],
        "systems": [
          "ghostty",
          "systems"
        ]
      },
      "locked": {
        "lastModified": 1787617283,
        "narHash": "sha256-jiM1glpDL5ASrqvcWyacI+c1wZo3g6AUhdo6M09AoiY=",
        "owner": "mitchellh",
        "repo": "zig-overlay",
        "rev": "da55b9fe9260fb3eb1456c3ee6064b8f738e4ba9",
        "type": "github"
      },
      "original": {
        "owner": "mitchellh",
        "repo": "zig-overlay",
        "type": "github"
      }
    },
    "zon2nix": {
      "inputs": {
        "nixpkgs": [
          "ghostty",
          "nixpkgs"
        ]
      },
      "locked": {
        "lastModified": 1790583033,
        "narHash": "sha256-Eo3hR521Yc2Gsqw7m/aqd5sn3/qi0XoSpJBIPPIYKkg=",
        "owner": "jcollie",
        "repo": "zon2nix",
        "rev": "8e91c0d44aa49d0ac415f7e3046662e9aa754335",
        "type": "github"
      },
      "original": {
        "owner": "jcollie",
        "ref": "v0.9.0",
        "repo": "zon2nix",
        "type": "github"
      }
    }
  },
  "root": "root",
  "version": 7
}
